
Microsoft Visual Studio Solution File, Format Version 12.00
# Visual Studio Version 17
VisualStudioVersion = 17.8.34309.116
MinimumVisualStudioVersion = 10.0.40219.1
Project("{FAE04EC0-301F-11D3-BF4B-00C04F79EFBC}") = "KMCM_PruebaTecnica", "KMCM_PruebaTecnica\KMCM_PruebaTecnica.csproj", "{F7028962-88A2-45DA-8026-2AEF38EE6C2E}"
EndProject
Global
	GlobalSection(SolutionConfigurationPlatforms) = preSolution
		Debug|Any CPU = Debug|Any CPU
		Release|Any CPU = Release|Any CPU
	EndGlobalSection
	GlobalSection(ProjectConfigurationPlatforms) = postSolution
		{F7028962-88A2-45DA-8026-2AEF38EE6C2E}.Debug|Any CPU.ActiveCfg = Debug|Any CPU
		{F7028962-88A2-45DA-8026-2AEF38EE6C2E}.Debug|Any CPU.Build.0 = Debug|Any CPU
		{F7028962-88A2-45DA-8026-2AEF38EE6C2E}.Release|Any CPU.ActiveCfg = Release|Any CPU
		{F7028962-88A2-45DA-8026-2AEF38EE6C2E}.Release|Any CPU.Build.0 = Release|Any CPU
	EndGlobalSection
	GlobalSection(SolutionProperties) = preSolution
		HideSolutionNode = FALSE
	EndGlobalSection
	GlobalSection(ExtensibilityGlobals) = postSolution
		SolutionGuid = {07A14182-D027-4DA6-8EA9-F135BE5ADF1F}
	EndGlobalSection
EndGlobal
